
Microsoft Visual Studio Solution File, Format Version 12.00
# Visual Studio 15
VisualStudioVersion = 15.0.28307.271
MinimumVisualStudioVersion = 10.0.40219.1
Project("{FAE04EC0-301F-11D3-BF4B-00C04F79EFBC}") = "usb-grabber", "ConsoleAppTest\usb-grabber.csproj", "{2F7279F8-C075-46B8-8326-541BE59656D0}"
EndProject
Global
	GlobalSection(SolutionConfigurationPlatforms) = preSolution
		Debug|Any CPU = Debug|Any CPU
		Release|Any CPU = Release|Any CPU
	EndGlobalSection
	GlobalSection(ProjectConfigurationPlatforms) = postSolution
		{2F7279F8-C075-46B8-8326-541BE59656D0}.Debug|Any CPU.ActiveCfg = Debug|Any CPU
		{2F7279F8-C075-46B8-8326-541BE59656D0}.Debug|Any CPU.Build.0 = Debug|Any CPU
		{2F7279F8-C075-46B8-8326-541BE59656D0}.Release|Any CPU.ActiveCfg = Release|Any CPU
		{2F7279F8-C075-46B8-8326-541BE59656D0}.Release|Any CPU.Build.0 = Release|Any CPU
	EndGlobalSection
	GlobalSection(SolutionProperties) = preSolution
		HideSolutionNode = FALSE
	EndGlobalSection
	GlobalSection(ExtensibilityGlobals) = postSolution
		SolutionGuid = {7FE631AE-FE85-41A3-9133-3F34FAE7A6D4}
	EndGlobalSection
EndGlobal
